<?xml version="1.0" encoding="utf-8"?>
<Project ToolsVersion="4.0" xmlns="http://schemas.microsoft.com/developer/msbuild/2003">
  <ItemGroup>
    <ClCompile Include="..\..\src\all\apt\ArgList.cpp" />
    <ClCompile Include="..\..\src\all\apt\def.cpp" />
    <ClCompile Include="..\..\src\all\apt\FileBase.cpp" />
    <ClCompile Include="..\..\src\all\apt\FilePath.cpp" />
    <ClCompile Include="..\..\src\all\apt\hash.cpp" />
    <ClCompile Include="..\..\src\all\apt\Image.cpp" />
    <ClCompile Include="..\..\src\all\apt\IniFile.cpp" />
    <ClCompile Include="..\..\src\all\apt\log.cpp" />
    <ClCompile Include="..\..\src\all\apt\memory.cpp" />
    <ClCompile Include="..\..\src\all\apt\String.cpp" />
    <ClCompile Include="..\..\src\all\apt\StringHash.cpp" />
    <ClCompile Include="..\..\src\all\apt\TextParser.cpp" />
    <ClCompile Include="..\..\src\all\apt\types.cpp" />
    <ClCompile Include="..\..\src\win\apt\FileImpl.cpp">
      <Filter>win</Filter>
    </ClCompile>
    <ClCompile Include="..\..\src\win\apt\platform.cpp">
      <Filter>win</Filter>
    </ClCompile>
    <ClCompile Include="..\..\src\win\apt\TimeImpl.cpp">
      <Filter>win</Filter>
    </ClCompile>
    <ClCompile Include="..\..\src\all\apt\extern\dds.cpp">
      <Filter>extern</Filter>
    </ClCompile>
    <ClCompile Include="..\..\src\all\apt\extern\lodepng.cpp">
      <Filter>extern</Filter>
    </ClCompile>
  </ItemGroup>
  <ItemGroup>
    <ClInclude Include="..\..\src\all\apt\ArgList.h" />
    <ClInclude Include="..\..\src\all\apt\def.h" />
    <ClInclude Include="..\..\src\all\apt\File.h" />
    <ClInclude Include="..\..\src\all\apt\FileBase.h" />
    <ClInclude Include="..\..\src\all\apt\FilePath.h" />
    <ClInclude Include="..\..\src\all\apt\hash.h" />
    <ClInclude Include="..\..\src\all\apt\Image.h" />
    <ClInclude Include="..\..\src\all\apt\IniFile.h" />
    <ClInclude Include="..\..\src\all\apt\log.h" />
    <ClInclude Include="..\..\src\all\apt\math.h" />
    <ClInclude Include="..\..\src\all\apt\memory.h" />
    <ClInclude Include="..\..\src\all\apt\PersistentVector.h" />
    <ClInclude Include="..\..\src\all\apt\RingBuffer.h" />
    <ClInclude Include="..\..\src\all\apt\static_initializer.h" />
    <ClInclude Include="..\..\src\all\apt\String.h" />
    <ClInclude Include="..\..\src\all\apt\StringHash.h" />
    <ClInclude Include="..\..\src\all\apt\TextParser.h" />
    <ClInclude Include="..\..\src\all\apt\Time.h" />
    <ClInclude Include="..\..\src\all\apt\types.h" />
    <ClInclude Include="..\..\src\win\apt\win.h">
      <Filter>win</Filter>
    </ClInclude>
    <ClInclude Include="..\..\src\win\apt\FileImpl.h">
      <Filter>win</Filter>
    </ClInclude>
    <ClInclude Include="..\..\src\win\apt\platform.h">
      <Filter>win</Filter>
    </ClInclude>
    <ClInclude Include="..\..\src\all\apt\extern\lodepng.h">
      <Filter>extern</Filter>
    </ClInclude>
    <ClInclude Include="..\..\src\all\apt\extern\stb_image_write.h">
      <Filter>extern</Filter>
    </ClInclude>
    <ClInclude Include="..\..\src\all\apt\extern\stb_image.h">
      <Filter>extern</Filter>
    </ClInclude>
  </ItemGroup>
  <ItemGroup>
    <Filter Include="win">
      <UniqueIdentifier>{7b0c756e-15cc-49a7-9b08-a6a24906903b}</UniqueIdentifier>
    </Filter>
    <Filter Include="extern">
      <UniqueIdentifier>{1ccf4c2f-b505-4b55-a4ee-842d52749dc5}</UniqueIdentifier>
    </Filter>
  </ItemGroup>
</Project>