<?xml version="1.0" encoding="utf-8"?>
<Project ToolsVersion="4.0" xmlns="http://schemas.microsoft.com/developer/msbuild/2003">
  <ItemGroup>
    <Filter Include="win">
      <UniqueIdentifier>{2aef0fb7-d159-408f-9efb-1cbf1bab8b9b}</UniqueIdentifier>
    </Filter>
    <Filter Include="extern">
      <UniqueIdentifier>{31118057-bbab-40e4-ba02-ecb436824a80}</UniqueIdentifier>
    </Filter>
  </ItemGroup>
  <ItemGroup>
    <ClCompile Include="..\..\src\all\apt\ArgList.cpp" />
    <ClCompile Include="..\..\src\all\apt\def.cpp" />
    <ClCompile Include="..\..\src\all\apt\hash.cpp" />
    <ClCompile Include="..\..\src\all\apt\IniFile.cpp" />
    <ClCompile Include="..\..\src\all\apt\log.cpp" />
    <ClCompile Include="..\..\src\all\apt\memory.cpp" />
    <ClCompile Include="..\..\src\all\apt\StringHash.cpp" />
    <ClCompile Include="..\..\src\all\apt\TextParser.cpp" />
    <ClCompile Include="..\..\src\win\apt\platform.cpp">
      <Filter>win</Filter>
    </ClCompile>
    <ClCompile Include="..\..\src\all\apt\FilePath.cpp" />
    <ClCompile Include="..\..\src\all\apt\Image.cpp" />
    <ClCompile Include="..\..\src\win\apt\FileImpl.cpp">
      <Filter>win</Filter>
    </ClCompile>
    <ClCompile Include="..\..\src\win\apt\TimeImpl.cpp">
      <Filter>win</Filter>
    </ClCompile>
    <ClCompile Include="..\..\src\all\apt\String.cpp" />
    <ClCompile Include="..\..\src\all\apt\extern\dds.cpp">
      <Filter>extern</Filter>
    </ClCompile>
    <ClCompile Include="..\..\src\all\apt\types.cpp" />
    <ClCompile Include="..\..\src\all\apt\extern\lodepng.cpp">
      <Filter>extern</Filter>
    </ClCompile>
    <ClCompile Include="..\..\src\all\apt\MemoryPool.cpp" />
    <ClCompile Include="..\..\src\all\apt\FileSystem.cpp" />
    <ClCompile Include="..\..\src\win\apt\FileSystemImpl.cpp">
      <Filter>win</Filter>
    </ClCompile>
    <ClCompile Include="..\..\src\all\apt\File.cpp" />
    <ClCompile Include="..\..\src\all\apt\Json.cpp" />
  </ItemGroup>
  <ItemGroup>
    <ClInclude Include="..\..\src\all\apt\ArgList.h" />
    <ClInclude Include="..\..\src\all\apt\def.h" />
    <ClInclude Include="..\..\src\all\apt\hash.h" />
    <ClInclude Include="..\..\src\all\apt\IniFile.h" />
    <ClInclude Include="..\..\src\all\apt\log.h" />
    <ClInclude Include="..\..\src\all\apt\memory.h" />
    <ClInclude Include="..\..\src\all\apt\static_initializer.h" />
    <ClInclude Include="..\..\src\all\apt\StringHash.h" />
    <ClInclude Include="..\..\src\all\apt\TextParser.h" />
    <ClInclude Include="..\..\src\all\apt\Time.h" />
    <ClInclude Include="..\..\src\win\apt\platform.h">
      <Filter>win</Filter>
    </ClInclude>
    <ClInclude Include="..\..\src\win\apt\win.h">
      <Filter>win</Filter>
    </ClInclude>
    <ClInclude Include="..\..\src\all\apt\FilePath.h" />
    <ClInclude Include="..\..\src\all\apt\Image.h" />
    <ClInclude Include="..\..\src\all\apt\File.h" />
    <ClInclude Include="..\..\src\all\apt\String.h" />
    <ClInclude Include="..\..\src\all\apt\math.h" />
    <ClInclude Include="..\..\src\all\apt\extern\stb_image.h">
      <Filter>extern</Filter>
    </ClInclude>
    <ClInclude Include="..\..\src\all\apt\extern\stb_image_write.h">
      <Filter>extern</Filter>
    </ClInclude>
    <ClInclude Include="..\..\src\all\apt\types.h" />
    <ClInclude Include="..\..\src\all\apt\RingBuffer.h" />
    <ClInclude Include="..\..\src\all\apt\extern\lodepng.h">
      <Filter>extern</Filter>
    </ClInclude>
    <ClInclude Include="..\..\src\all\apt\PersistentVector.h" />
    <ClInclude Include="..\..\src\all\apt\MemoryPool.h" />
    <ClInclude Include="..\..\src\all\apt\Pool.h" />
    <ClInclude Include="..\..\src\all\apt\FileSystem.h" />
    <ClInclude Include="..\..\src\all\apt\Json.h" />
  </ItemGroup>
</Project>