<?xml version="1.0" encoding="utf-8"?>
<Project ToolsVersion="4.0" xmlns="http://schemas.microsoft.com/developer/msbuild/2003">
  <ItemGroup>
    <Filter Include="win">
      <UniqueIdentifier>{2aef0fb7-d159-408f-9efb-1cbf1bab8b9b}</UniqueIdentifier>
    </Filter>
  </ItemGroup>
  <ItemGroup>
    <ClInclude Include="..\..\plr\ArgList.h" />
    <ClInclude Include="..\..\plr\def.h" />
    <ClInclude Include="..\..\plr\Path.h" />
    <ClInclude Include="..\..\plr\Time.h" />
    <ClInclude Include="..\..\plr\win\platform.h">
      <Filter>win</Filter>
    </ClInclude>
    <ClInclude Include="..\..\plr\win\win.h">
      <Filter>win</Filter>
    </ClInclude>
    <ClInclude Include="..\..\plr\hash.h" />
    <ClInclude Include="..\..\plr\StringHash.h" />
  </ItemGroup>
  <ItemGroup>
    <ClCompile Include="..\..\plr\ArgList.cpp" />
    <ClCompile Include="..\..\plr\def.cpp" />
    <ClCompile Include="..\..\plr\Path.cpp" />
    <ClCompile Include="..\..\plr\win\Time.cpp">
      <Filter>win</Filter>
    </ClCompile>
    <ClCompile Include="..\..\plr\hash.cpp" />
    <ClCompile Include="..\..\plr\StringHash.cpp" />
  </ItemGroup>
</Project>