<?xml version="1.0" encoding="utf-8"?>
<Project ToolsVersion="4.0" xmlns="http://schemas.microsoft.com/developer/msbuild/2003">
  <ItemGroup>
    <Filter Include="win">
      <UniqueIdentifier>{2aef0fb7-d159-408f-9efb-1cbf1bab8b9b}</UniqueIdentifier>
    </Filter>
  </ItemGroup>
  <ItemGroup>
    <ClCompile Include="..\..\src\all\plr\ArgList.cpp" />
    <ClCompile Include="..\..\src\all\plr\def.cpp" />
    <ClCompile Include="..\..\src\all\plr\hash.cpp" />
    <ClCompile Include="..\..\src\all\plr\IniFile.cpp" />
    <ClCompile Include="..\..\src\all\plr\log.cpp" />
    <ClCompile Include="..\..\src\all\plr\memory.cpp" />
    <ClCompile Include="..\..\src\all\plr\Path.cpp" />
    <ClCompile Include="..\..\src\all\plr\StringHash.cpp" />
    <ClCompile Include="..\..\src\all\plr\TextParser.cpp" />
    <ClCompile Include="..\..\src\win\plr\Time.cpp">
      <Filter>win</Filter>
    </ClCompile>
    <ClCompile Include="..\..\src\win\plr\platform.cpp">
      <Filter>win</Filter>
    </ClCompile>
  </ItemGroup>
  <ItemGroup>
    <ClInclude Include="..\..\src\all\plr\ArgList.h" />
    <ClInclude Include="..\..\src\all\plr\def.h" />
    <ClInclude Include="..\..\src\all\plr\hash.h" />
    <ClInclude Include="..\..\src\all\plr\IniFile.h" />
    <ClInclude Include="..\..\src\all\plr\log.h" />
    <ClInclude Include="..\..\src\all\plr\memory.h" />
    <ClInclude Include="..\..\src\all\plr\Path.h" />
    <ClInclude Include="..\..\src\all\plr\static_initializer.h" />
    <ClInclude Include="..\..\src\all\plr\StringHash.h" />
    <ClInclude Include="..\..\src\all\plr\TextParser.h" />
    <ClInclude Include="..\..\src\all\plr\Time.h" />
    <ClInclude Include="..\..\src\win\plr\platform.h">
      <Filter>win</Filter>
    </ClInclude>
    <ClInclude Include="..\..\src\win\plr\win.h">
      <Filter>win</Filter>
    </ClInclude>
  </ItemGroup>
</Project>