<?xml version="1.0" encoding="utf-8"?>
<Project ToolsVersion="4.0" xmlns="http://schemas.microsoft.com/developer/msbuild/2003">
  <ItemGroup>
    <Filter Include="win">
      <UniqueIdentifier>{2aef0fb7-d159-408f-9efb-1cbf1bab8b9b}</UniqueIdentifier>
    </Filter>
    <Filter Include="extern">
      <UniqueIdentifier>{31118057-bbab-40e4-ba02-ecb436824a80}</UniqueIdentifier>
    </Filter>
  </ItemGroup>
  <ItemGroup>
    <ClCompile Include="..\..\src\all\plr\ArgList.cpp" />
    <ClCompile Include="..\..\src\all\plr\def.cpp" />
    <ClCompile Include="..\..\src\all\plr\hash.cpp" />
    <ClCompile Include="..\..\src\all\plr\IniFile.cpp" />
    <ClCompile Include="..\..\src\all\plr\log.cpp" />
    <ClCompile Include="..\..\src\all\plr\memory.cpp" />
    <ClCompile Include="..\..\src\all\plr\StringHash.cpp" />
    <ClCompile Include="..\..\src\all\plr\TextParser.cpp" />
    <ClCompile Include="..\..\src\win\plr\platform.cpp">
      <Filter>win</Filter>
    </ClCompile>
    <ClCompile Include="..\..\src\all\plr\FilePath.cpp" />
    <ClCompile Include="..\..\src\all\plr\Image.cpp" />
    <ClCompile Include="..\..\src\win\plr\FileImpl.cpp">
      <Filter>win</Filter>
    </ClCompile>
    <ClCompile Include="..\..\src\win\plr\TimeImpl.cpp">
      <Filter>win</Filter>
    </ClCompile>
    <ClCompile Include="..\..\src\all\plr\FileBase.cpp" />
    <ClCompile Include="..\..\src\all\plr\String.cpp" />
    <ClCompile Include="..\..\src\all\plr\extern\dds.cpp">
      <Filter>extern</Filter>
    </ClCompile>
    <ClCompile Include="..\..\src\all\plr\types.cpp" />
    <ClCompile Include="..\..\src\all\plr\extern\lodepng.cpp">
      <Filter>extern</Filter>
    </ClCompile>
  </ItemGroup>
  <ItemGroup>
    <ClInclude Include="..\..\src\all\plr\ArgList.h" />
    <ClInclude Include="..\..\src\all\plr\def.h" />
    <ClInclude Include="..\..\src\all\plr\hash.h" />
    <ClInclude Include="..\..\src\all\plr\IniFile.h" />
    <ClInclude Include="..\..\src\all\plr\log.h" />
    <ClInclude Include="..\..\src\all\plr\memory.h" />
    <ClInclude Include="..\..\src\all\plr\static_initializer.h" />
    <ClInclude Include="..\..\src\all\plr\StringHash.h" />
    <ClInclude Include="..\..\src\all\plr\TextParser.h" />
    <ClInclude Include="..\..\src\all\plr\Time.h" />
    <ClInclude Include="..\..\src\win\plr\platform.h">
      <Filter>win</Filter>
    </ClInclude>
    <ClInclude Include="..\..\src\win\plr\win.h">
      <Filter>win</Filter>
    </ClInclude>
    <ClInclude Include="..\..\src\all\plr\FilePath.h" />
    <ClInclude Include="..\..\src\all\plr\Image.h" />
    <ClInclude Include="..\..\src\all\plr\File.h" />
    <ClInclude Include="..\..\src\win\plr\FileImpl.h">
      <Filter>win</Filter>
    </ClInclude>
    <ClInclude Include="..\..\src\all\plr\FileBase.h" />
    <ClInclude Include="..\..\src\all\plr\String.h" />
    <ClInclude Include="..\..\src\all\plr\math.h" />
    <ClInclude Include="..\..\src\all\plr\extern\stb_image.h">
      <Filter>extern</Filter>
    </ClInclude>
    <ClInclude Include="..\..\src\all\plr\extern\stb_image_write.h">
      <Filter>extern</Filter>
    </ClInclude>
    <ClInclude Include="..\..\src\all\plr\types.h" />
    <ClInclude Include="..\..\src\all\plr\RingBuffer.h" />
    <ClInclude Include="..\..\src\all\plr\extern\lodepng.h">
      <Filter>extern</Filter>
    </ClInclude>
  </ItemGroup>
</Project>